<?xml version="1.0" encoding="utf-8"?>
<Project ToolsVersion="4.0" xmlns="http://schemas.microsoft.com/developer/msbuild/2003">
  <ItemGroup>
    <Filter Include="Archivos de origen">
      <UniqueIdentifier>{4FC737F1-C7A5-4376-A066-2A32D752A2FF}</UniqueIdentifier>
      <Extensions>cpp;c;cc;cxx;def;odl;idl;hpj;bat;asm;asmx</Extensions>
    </Filter>
    <Filter Include="Archivos de encabezado">
      <UniqueIdentifier>{93995380-89BD-4b04-88EB-625FBE52EBFB}</UniqueIdentifier>
      <Extensions>h;hh;hpp;hxx;hm;inl;inc;ipp;xsd</Extensions>
    </Filter>
    <Filter Include="Archivos de recursos">
      <UniqueIdentifier>{67DA6AB6-F800-4c08-8B7A-83BB121AAD01}</UniqueIdentifier>
      <Extensions>rc;ico;cur;bmp;dlg;rc2;rct;bin;rgs;gif;jpg;jpeg;jpe;resx;tiff;tif;png;wav;mfcribbon-ms</Extensions>
    </Filter>
    <Filter Include="Vulkan">
      <UniqueIdentifier>{116e2da7-aebc-46b9-aa7a-23005d180a42}</UniqueIdentifier>
    </Filter>
    <Filter Include="OpenGL">
      <UniqueIdentifier>{8e6c412c-582c-47db-b7ca-dfcef880ae78}</UniqueIdentifier>
    </Filter>
    <Filter Include="Utils">
      <UniqueIdentifier>{dc6f1dbc-3d20-4a42-809b-a0a060e15843}</UniqueIdentifier>
    </Filter>
    <Filter Include="Inter">
      <UniqueIdentifier>{87b27958-d86e-42e0-b5eb-0afb3c9d95cf}</UniqueIdentifier>
    </Filter>
    <Filter Include="Camera/Window">
      <UniqueIdentifier>{02ba9d01-8926-4859-9509-12f73b3f61f8}</UniqueIdentifier>
    </Filter>
    <Filter Include="PlayableObjects">
      <UniqueIdentifier>{a942fb7a-4f34-461a-ab2e-f2399761de27}</UniqueIdentifier>
    </Filter>
    <Filter Include="Extern">
      <UniqueIdentifier>{10808b00-1d5f-4e52-a13c-844075c935df}</UniqueIdentifier>
    </Filter>
  </ItemGroup>
  <ItemGroup>
    <ClCompile Include="..\..\src\Main\main.cpp">
      <Filter>Archivos de origen</Filter>
    </ClCompile>
    <ClCompile Include="..\..\src\Main\VulkanShader.cpp">
      <Filter>Vulkan</Filter>
    </ClCompile>
    <ClCompile Include="..\..\src\Main\VulkanManager.cpp">
      <Filter>Vulkan</Filter>
    </ClCompile>
    <ClCompile Include="..\..\src\Main\GLManager.cpp">
      <Filter>OpenGL</Filter>
    </ClCompile>
    <ClCompile Include="..\..\src\Main\GLShader.cpp">
      <Filter>OpenGL</Filter>
    </ClCompile>
    <ClCompile Include="..\..\src\Main\ShaderInclude.cpp">
      <Filter>Utils</Filter>
    </ClCompile>
    <ClCompile Include="..\..\src\Main\TimeManager.cpp">
      <Filter>Utils</Filter>
    </ClCompile>
    <ClCompile Include="..\..\src\Main\Timer.cpp">
      <Filter>Utils</Filter>
    </ClCompile>
    <ClCompile Include="..\..\src\Main\FileHandler.cpp">
      <Filter>Utils</Filter>
    </ClCompile>
    <ClCompile Include="..\..\src\Main\Camera.cpp">
      <Filter>Camera/Window</Filter>
    </ClCompile>
    <ClCompile Include="..\..\src\Main\Window.cpp">
      <Filter>Camera/Window</Filter>
    </ClCompile>
    <ClCompile Include="..\..\src\Main\GLComputeShader.cpp">
      <Filter>OpenGL</Filter>
    </ClCompile>
    <ClCompile Include="..\..\src\Main\GLRenderShader.cpp">
      <Filter>OpenGL</Filter>
    </ClCompile>
    <ClCompile Include="..\..\src\Main\VulkanComputeShader.cpp">
      <Filter>Vulkan</Filter>
    </ClCompile>
    <ClCompile Include="..\..\src\Main\VulkanRenderShader.cpp">
      <Filter>Vulkan</Filter>
    </ClCompile>
    <ClCompile Include="..\..\src\Main\PlayableSphere.cpp">
      <Filter>PlayableObjects</Filter>
    </ClCompile>
    <ClCompile Include="..\..\src\Main\PlayableObject.cpp">
      <Filter>PlayableObjects</Filter>
    </ClCompile>
    <ClCompile Include="..\..\src\Main\Mesh.cpp">
      <Filter>OpenGL</Filter>
    </ClCompile>
    <ClCompile Include="..\..\src\Main\glad.c">
      <Filter>Extern</Filter>
    </ClCompile>
    <ClCompile Include="..\..\src\Main\GLModel.cpp">
      <Filter>OpenGL</Filter>
    </ClCompile>
  </ItemGroup>
  <ItemGroup>
    <ClInclude Include="..\..\src\Main\VulkanShader.h">
      <Filter>Vulkan</Filter>
    </ClInclude>
    <ClInclude Include="..\..\src\Main\VulkanManager.h">
      <Filter>Vulkan</Filter>
    </ClInclude>
    <ClInclude Include="..\..\src\Main\GLManager.h">
      <Filter>OpenGL</Filter>
    </ClInclude>
    <ClInclude Include="..\..\src\Main\GLShader.h">
      <Filter>OpenGL</Filter>
    </ClInclude>
    <ClInclude Include="..\..\src\Main\ShaderInclude.h">
      <Filter>Utils</Filter>
    </ClInclude>
    <ClInclude Include="..\..\src\Main\ShaderUtils.h">
      <Filter>Utils</Filter>
    </ClInclude>
    <ClInclude Include="..\..\src\Main\TimeManager.h">
      <Filter>Utils</Filter>
    </ClInclude>
    <ClInclude Include="..\..\src\Main\Timer.h">
      <Filter>Utils</Filter>
    </ClInclude>
    <ClInclude Include="..\..\src\Main\FileHandler.h">
      <Filter>Utils</Filter>
    </ClInclude>
    <ClInclude Include="..\..\src\Main\ApplicationManager.h">
      <Filter>Inter</Filter>
    </ClInclude>
    <ClInclude Include="..\..\src\Main\Manager.h">
      <Filter>Utils</Filter>
    </ClInclude>
    <ClInclude Include="..\..\src\Main\Camera.h">
      <Filter>Camera/Window</Filter>
    </ClInclude>
    <ClInclude Include="..\..\src\Main\Window.h">
      <Filter>Camera/Window</Filter>
    </ClInclude>
    <ClInclude Include="..\..\src\Main\GLComputeShader.h">
      <Filter>OpenGL</Filter>
    </ClInclude>
    <ClInclude Include="..\..\src\Main\GLRenderShader.h">
      <Filter>OpenGL</Filter>
    </ClInclude>
    <ClInclude Include="..\..\src\Main\Shader.h">
      <Filter>Inter</Filter>
    </ClInclude>
    <ClInclude Include="..\..\src\Main\VulkanComputeShader.h">
      <Filter>Vulkan</Filter>
    </ClInclude>
    <ClInclude Include="..\..\src\Main\VulkanRenderShader.h">
      <Filter>Vulkan</Filter>
    </ClInclude>
    <ClInclude Include="..\..\src\Main\PlayableObject.h">
      <Filter>PlayableObjects</Filter>
    </ClInclude>
    <ClInclude Include="..\..\src\Main\PlayableSphere.h">
      <Filter>PlayableObjects</Filter>
    </ClInclude>
    <ClInclude Include="..\..\src\Main\Mesh.h">
      <Filter>OpenGL</Filter>
    </ClInclude>
    <ClInclude Include="..\..\src\Main\stb_image.h">
      <Filter>Extern</Filter>
    </ClInclude>
    <ClInclude Include="..\..\src\Main\GLModel.h">
      <Filter>OpenGL</Filter>
    </ClInclude>
  </ItemGroup>
</Project>