
Microsoft Visual Studio Solution File, Format Version 12.00
# Visual Studio Version 16
VisualStudioVersion = 16.0.29613.14
MinimumVisualStudioVersion = 10.0.40219.1
Project("{8BC9CEB8-8B4A-11D0-8D11-00A0C91BC942}") = "Main", "Projects\Main\Main.vcxproj", "{D1FF4BA5-1712-4984-A277-AAF1BB863E3D}"
EndProject
Global
	GlobalSection(SolutionConfigurationPlatforms) = preSolution
		GLDebug|x64 = GLDebug|x64
		GLDebug|x86 = GLDebug|x86
		GLRelease|x64 = GLRelease|x64
		GLRelease|x86 = GLRelease|x86
		VulkanDebug|x64 = VulkanDebug|x64
		VulkanDebug|x86 = VulkanDebug|x86
		VulkanRelease|x64 = VulkanRelease|x64
		VulkanRelease|x86 = VulkanRelease|x86
	EndGlobalSection
	GlobalSection(ProjectConfigurationPlatforms) = postSolution
		{D1FF4BA5-1712-4984-A277-AAF1BB863E3D}.GLDebug|x64.ActiveCfg = GLDebug|x64
		{D1FF4BA5-1712-4984-A277-AAF1BB863E3D}.GLDebug|x64.Build.0 = GLDebug|x64
		{D1FF4BA5-1712-4984-A277-AAF1BB863E3D}.GLDebug|x86.ActiveCfg = GLDebug|Win32
		{D1FF4BA5-1712-4984-A277-AAF1BB863E3D}.GLDebug|x86.Build.0 = GLDebug|Win32
		{D1FF4BA5-1712-4984-A277-AAF1BB863E3D}.GLRelease|x64.ActiveCfg = GLRelease|x64
		{D1FF4BA5-1712-4984-A277-AAF1BB863E3D}.GLRelease|x64.Build.0 = GLRelease|x64
		{D1FF4BA5-1712-4984-A277-AAF1BB863E3D}.GLRelease|x86.ActiveCfg = GLRelease|Win32
		{D1FF4BA5-1712-4984-A277-AAF1BB863E3D}.GLRelease|x86.Build.0 = GLRelease|Win32
		{D1FF4BA5-1712-4984-A277-AAF1BB863E3D}.VulkanDebug|x64.ActiveCfg = VulkanDebug|x64
		{D1FF4BA5-1712-4984-A277-AAF1BB863E3D}.VulkanDebug|x64.Build.0 = VulkanDebug|x64
		{D1FF4BA5-1712-4984-A277-AAF1BB863E3D}.VulkanDebug|x86.ActiveCfg = VulkanDebug|Win32
		{D1FF4BA5-1712-4984-A277-AAF1BB863E3D}.VulkanDebug|x86.Build.0 = VulkanDebug|Win32
		{D1FF4BA5-1712-4984-A277-AAF1BB863E3D}.VulkanRelease|x64.ActiveCfg = VulkanRelease|x64
		{D1FF4BA5-1712-4984-A277-AAF1BB863E3D}.VulkanRelease|x64.Build.0 = VulkanRelease|x64
		{D1FF4BA5-1712-4984-A277-AAF1BB863E3D}.VulkanRelease|x86.ActiveCfg = VulkanRelease|Win32
		{D1FF4BA5-1712-4984-A277-AAF1BB863E3D}.VulkanRelease|x86.Build.0 = VulkanRelease|Win32
	EndGlobalSection
	GlobalSection(SolutionProperties) = preSolution
		HideSolutionNode = FALSE
	EndGlobalSection
	GlobalSection(ExtensibilityGlobals) = postSolution
		SolutionGuid = {79B857F3-6562-4573-8381-D5475A543764}
	EndGlobalSection
EndGlobal
